// !$*UTF8*$!
{
	archiveVersion = 1;
	classes = {
	};
	objectVersion = 50;
	objects = {

/* Begin PBXBuildFile section */
		A1874A1320EB76F80093C70F /* AppDelegate.swift in Sources */ = {isa = PBXBuildFile; fileRef = A1874A1220EB76F80093C70F /* AppDelegate.swift */; };
		A1874A1520EB76F80093C70F /* ViewController.swift in Sources */ = {isa = PBXBuildFile; fileRef = A1874A1420EB76F80093C70F /* ViewController.swift */; };
		A1874A1820EB76F80093C70F /* Main.storyboard in Resources */ = {isa = PBXBuildFile; fileRef = A1874A1620EB76F80093C70F /* Main.storyboard */; };
		A1874A1A20EB76FA0093C70F /* Assets.xcassets in Resources */ = {isa = PBXBuildFile; fileRef = A1874A1920EB76FA0093C70F /* Assets.xcassets */; };
		A1874A1D20EB76FA0093C70F /* LaunchScreen.storyboard in Resources */ = {isa = PBXBuildFile; fileRef = A1874A1B20EB76FA0093C70F /* LaunchScreen.storyboard */; };
/* End PBXBuildFile section */

/* Begin PBXFileReference section */
		A1874A0F20EB76F80093C70F /* rainyShinnyApply.app */ = {isa = PBXFileReference; explicitFileType = wrapper.application; includeInIndex = 0; path = rainyShinnyApply.app; sourceTree = BUILT_PRODUCTS_DIR; };
		A1874A1220EB76F80093C70F /* AppDelegate.swift */ = {isa = PBXFileReference; lastKnownFileType = sourcecode.swift; path = AppDelegate.swift; sourceTree = "<group>"; };
		A1874A1420EB76F80093C70F /* ViewController.swift */ = {isa = PBXFileReference; lastKnownFileType = sourcecode.swift; path = ViewController.swift; sourceTree = "<group>"; };
		A1874A1720EB76F80093C70F /* Base */ = {isa = PBXFileReference; lastKnownFileType = file.storyboard; name = Base; path = Base.lproj/Main.storyboard; sourceTree = "<group>"; };
		A1874A1920EB76FA0093C70F /* Assets.xcassets */ = {isa = PBXFileReference; lastKnownFileType = folder.assetcatalog; path = Assets.xcassets; sourceTree = "<group>"; };
		A1874A1C20EB76FA0093C70F /* Base */ = {isa = PBXFileReference; lastKnownFileType = file.storyboard; name = Base; path = Base.lproj/LaunchScreen.storyboard; sourceTree = "<group>"; };
		A1874A1E20EB76FA0093C70F /* Info.plist */ = {isa = PBXFileReference; lastKnownFileType = text.plist.xml; path = Info.plist; sourceTree = "<group>"; };
/* End PBXFileReference section */

/* Begin PBXFrameworksBuildPhase section */
		A1874A0C20EB76F80093C70F /* Frameworks */ = {
			isa = PBXFrameworksBuildPhase;
			buildActionMask = 2147483647;
			files = (
			);
			runOnlyForDeploymentPostprocessing = 0;
		};
/* End PBXFrameworksBuildPhase section */

/* Begin PBXGroup section */
		A1874A0620EB76F80093C70F = {
			isa = PBXGroup;
			children = (
				A1874A1120EB76F80093C70F /* rainyShinnyApply */,
				A1874A1020EB76F80093C70F /* Products */,
			);
			sourceTree = "<group>";
		};
		A1874A1020EB76F80093C70F /* Products */ = {
			isa = PBXGroup;
			children = (
				A1874A0F20EB76F80093C70F /* rainyShinnyApply.app */,
			);
			name = Products;
			sourceTree = "<group>";
		};
		A1874A1120EB76F80093C70F /* rainyShinnyApply */ = {
			isa = PBXGroup;
			children = (
				A1874A1220EB76F80093C70F /* AppDelegate.swift */,
				A1874A1420EB76F80093C70F /* ViewController.swift */,
				A1874A1620EB76F80093C70F /* Main.storyboard */,
				A1874A1920EB76FA0093C70F /* Assets.xcassets */,
				A1874A1B20EB76FA0093C70F /* LaunchScreen.storyboard */,
				A1874A1E20EB76FA0093C70F /* Info.plist */,
			);
			path = rainyShinnyApply;
			sourceTree = "<group>";
		};
/* End PBXGroup section */

/* Begin PBXNativeTarget section */
		A1874A0E20EB76F80093C70F /* rainyShinnyApply */ = {
			isa = PBXNativeTarget;
			buildConfigurationList = A1874A2120EB76FA0093C70F /* Build configuration list for PBXNativeTarget "rainyShinnyApply" */;
			buildPhases = (
				A1874A0B20EB76F80093C70F /* Sources */,
				A1874A0C20EB76F80093C70F /* Frameworks */,
				A1874A0D20EB76F80093C70F /* Resources */,
			);
			buildRules = (
			);
			dependencies = (
			);
			name = rainyShinnyApply;
			productName = rainyShinnyApply;
			productReference = A1874A0F20EB76F80093C70F /* rainyShinnyApply.app */;
			productType = "com.apple.product-type.application";
		};
/* End PBXNativeTarget section */

/* Begin PBXProject section */
		A1874A0720EB76F80093C70F /* Project object */ = {
			isa = PBXProject;
			attributes = {
				LastSwiftUpdateCheck = 0930;
				LastUpgradeCheck = 0930;
				ORGANIZATIONNAME = "A One Way To Allah";
				TargetAttributes = {
					A1874A0E20EB76F80093C70F = {
						CreatedOnToolsVersion = 9.3;
					};
				};
			};
			buildConfigurationList = A1874A0A20EB76F80093C70F /* Build configuration list for PBXProject "rainyShinnyApply" */;
			compatibilityVersion = "Xcode 9.3";
			developmentRegion = en;
			hasScannedForEncodings = 0;
			knownRegions = (
				en,
				Base,
			);
			mainGroup = A1874A0620EB76F80093C70F;
			productRefGroup = A1874A1020EB76F80093C70F /* Products */;
			projectDirPath = "";
			projectRoot = "";
			targets = (
				A1874A0E20EB76F80093C70F /* rainyShinnyApply */,
			);
		};
/* End PBXProject section */

/* Begin PBXResourcesBuildPhase section */
		A1874A0D20EB76F80093C70F /* Resources */ = {
			isa = PBXResourcesBuildPhase;
			buildActionMask = 2147483647;
			files = (
				A1874A1D20EB76FA0093C70F /* LaunchScreen.storyboard in Resources */,
				A1874A1A20EB76FA0093C70F /* Assets.xcassets in Resources */,
				A1874A1820EB76F80093C70F /* Main.storyboard in Resources */,
			);
			runOnlyForDeploymentPostprocessing = 0;
		};
/* End PBXResourcesBuildPhase section */

/* Begin PBXSourcesBuildPhase section */
		A1874A0B20EB76F80093C70F /* Sources */ = {
			isa = PBXSourcesBuildPhase;
			buildActionMask = 2147483647;
			files = (
				A1874A1520EB76F80093C70F /* ViewController.swift in Sources */,
				A1874A1320EB76F80093C70F /* AppDelegate.swift in Sources */,
			);
			runOnlyForDeploymentPostprocessing = 0;
		};
/* End PBXSourcesBuildPhase section */

/* Begin PBXVariantGroup section */
		A1874A1620EB76F80093C70F /* Main.storyboard */ = {
			isa = PBXVariantGroup;
			children = (
				A1874A1720EB76F80093C70F /* Base */,
			);
			name = Main.storyboard;
			sourceTree = "<group>";
		};
		A1874A1B20EB76FA0093C70F /* LaunchScreen.storyboard */ = {
			isa = PBXVariantGroup;
			children = (
				A1874A1C20EB76FA0093C70F /* Base */,
			);
			name = LaunchScreen.storyboard;
			sourceTree = "<group>";
		};
/* End PBXVariantGroup section */

/* Begin XCBuildConfiguration section */
		A1874A1F20EB76FA0093C70F /* Debug */ = {
			isa = XCBuildConfiguration;
			buildSettings = {
				ALWAYS_SEARCH_USER_PATHS = NO;
				CLANG_ANALYZER_NONNULL = YES;
				CLANG_ANALYZER_NUMBER_OBJECT_CONVERSION = YES_AGGRESSIVE;
				CLANG_CXX_LANGUAGE_STANDARD = "gnu++14";
				CLANG_CXX_LIBRARY = "libc++";
				CLANG_ENABLE_MODULES = YES;
				CLANG_ENABLE_OBJC_ARC = YES;
				CLANG_ENABLE_OBJC_WEAK = YES;
				CLANG_WARN_BLOCK_CAPTURE_AUTORELEASING = YES;
				CLANG_WARN_BOOL_CONVERSION = YES;
				CLANG_WARN_COMMA = YES;
				CLANG_WARN_CONSTANT_CONVERSION = YES;
				CLANG_WARN_DEPRECATED_OBJC_IMPLEMENTATIONS = YES;
				CLANG_WARN_DIRECT_OBJC_ISA_USAGE = YES_ERROR;
				CLANG_WARN_DOCUMENTATION_COMMENTS = YES;
				CLANG_WARN_EMPTY_BODY = YES;
				CLANG_WARN_ENUM_CONVERSION = YES;
				CLANG_WARN_INFINITE_RECURSION = YES;
				CLANG_WARN_INT_CONVERSION = YES;
				CLANG_WARN_NON_LITERAL_NULL_CONVERSION = YES;
				CLANG_WARN_OBJC_IMPLICIT_RETAIN_SELF = YES;
				CLANG_WARN_OBJC_LITERAL_CONVERSION = YES;
				CLANG_WARN_OBJC_ROOT_CLASS = YES_ERROR;
				CLANG_WARN_RANGE_LOOP_ANALYSIS = YES;
				CLANG_WARN_STRICT_PROTOTYPES = YES;
				CLANG_WARN_SUSPICIOUS_MOVE = YES;
				CLANG_WARN_UNGUARDED_AVAILABILITY = YES_AGGRESSIVE;
				CLANG_WARN_UNREACHABLE_CODE = YES;
				CLANG_WARN__DUPLICATE_METHOD_MATCH = YES;
				CODE_SIGN_IDENTITY = "iPhone Developer";
				COPY_PHASE_STRIP = NO;
				DEBUG_INFORMATION_FORMAT = dwarf;
				ENABLE_STRICT_OBJC_MSGSEND = YES;
				ENABLE_TESTABILITY = YES;
				GCC_C_LANGUAGE_STANDARD = gnu11;
				GCC_DYNAMIC_NO_PIC = NO;
				GCC_NO_COMMON_BLOCKS = YES;
				GCC_OPTIMIZATION_LEVEL = 0;
				GCC_PREPROCESSOR_DEFINITIONS = (
					"DEBUG=1",
					"$(inherited)",
				);
				GCC_WARN_64_TO_32_BIT_CONVERSION = YES;
				GCC_WARN_ABOUT_RETURN_TYPE = YES_ERROR;
				GCC_WARN_UNDECLARED_SELECTOR = YES;
				GCC_WARN_UNINITIALIZED_AUTOS = YES_AGGRESSIVE;
				GCC_WARN_UNUSED_FUNCTION = YES;
				GCC_WARN_UNUSED_VARIABLE = YES;
				IPHONEOS_DEPLOYMENT_TARGET = 11.3;
				MTL_ENABLE_DEBUG_INFO = YES;
				ONLY_ACTIVE_ARCH = YES;
				SDKROOT = iphoneos;
				SWIFT_ACTIVE_COMPILATION_CONDITIONS = DEBUG;
				SWIFT_OPTIMIZATION_LEVEL = "-Onone";
			};
			name = Debug;
		};
		A1874A2020EB76FA0093C70F /* Release */ = {
			isa = XCBuildConfiguration;
			buildSettings = {
				ALWAYS_SEARCH_USER_PATHS = NO;
				CLANG_ANALYZER_NONNULL = YES;
				CLANG_ANALYZER_NUMBER_OBJECT_CONVERSION = YES_AGGRESSIVE;
				CLANG_CXX_LANGUAGE_STANDARD = "gnu++14";
				CLANG_CXX_LIBRARY = "libc++";
				CLANG_ENABLE_MODULES = YES;
				CLANG_ENABLE_OBJC_ARC = YES;
				CLANG_ENABLE_OBJC_WEAK = YES;
				CLANG_WARN_BLOCK_CAPTURE_AUTORELEASING = YES;
				CLANG_WARN_BOOL_CONVERSION = YES;
				CLANG_WARN_COMMA = YES;
				CLANG_WARN_CONSTANT_CONVERSION = YES;
				CLANG_WARN_DEPRECATED_OBJC_IMPLEMENTATIONS = YES;
				CLANG_WARN_DIRECT_OBJC_ISA_USAGE = YES_ERROR;
				CLANG_WARN_DOCUMENTATION_COMMENTS = YES;
				CLANG_WARN_EMPTY_BODY = YES;
				CLANG_WARN_ENUM_CONVERSION = YES;
				CLANG_WARN_INFINITE_RECURSION = YES;
				CLANG_WARN_INT_CONVERSION = YES;
				CLANG_WARN_NON_LITERAL_NULL_CONVERSION = YES;
				CLANG_WARN_OBJC_IMPLICIT_RETAIN_SELF = YES;
				CLANG_WARN_OBJC_LITERAL_CONVERSION = YES;
				CLANG_WARN_OBJC_ROOT_CLASS = YES_ERROR;
				CLANG_WARN_RANGE_LOOP_ANALYSIS = YES;
				CLANG_WARN_STRICT_PROTOTYPES = YES;
				CLANG_WARN_SUSPICIOUS_MOVE = YES;
				CLANG_WARN_UNGUARDED_AVAILABILITY = YES_AGGRESSIVE;
				CLANG_WARN_UNREACHABLE_CODE = YES;
				CLANG_WARN__DUPLICATE_METHOD_MATCH = YES;
				CODE_SIGN_IDENTITY = "iPhone Developer";
				COPY_PHASE_STRIP = NO;
				DEBUG_INFORMATION_FORMAT = "dwarf-with-dsym";
				ENABLE_NS_ASSERTIONS = NO;
				ENABLE_STRICT_OBJC_MSGSEND = YES;
				GCC_C_LANGUAGE_STANDARD = gnu11;
				GCC_NO_COMMON_BLOCKS = YES;
				GCC_WARN_64_TO_32_BIT_CONVERSION = YES;
				GCC_WARN_ABOUT_RETURN_TYPE = YES_ERROR;
				GCC_WARN_UNDECLARED_SELECTOR = YES;
				GCC_WARN_UNINITIALIZED_AUTOS = YES_AGGRESSIVE;
				GCC_WARN_UNUSED_FUNCTION = YES;
				GCC_WARN_UNUSED_VARIABLE = YES;
				IPHONEOS_DEPLOYMENT_TARGET = 11.3;
				MTL_ENABLE_DEBUG_INFO = NO;
				SDKROOT = iphoneos;
				SWIFT_COMPILATION_MODE = wholemodule;
				SWIFT_OPTIMIZATION_LEVEL = "-O";
				VALIDATE_PRODUCT = YES;
			};
			name = Release;
		};
		A1874A2220EB76FA0093C70F /* Debug */ = {
			isa = XCBuildConfiguration;
			buildSettings = {
				ASSETCATALOG_COMPILER_APPICON_NAME = AppIcon;
				CODE_SIGN_STYLE = Automatic;
				DEVELOPMENT_TEAM = 29VQ77K8VU;
				INFOPLIST_FILE = rainyShinnyApply/Info.plist;
				LD_RUNPATH_SEARCH_PATHS = (
					"$(inherited)",
					"@executable_path/Frameworks",
				);
				PRODUCT_BUNDLE_IDENTIFIER = mhamdino95.rainyShinnyApply;
				PRODUCT_NAME = "$(TARGET_NAME)";
				SWIFT_VERSION = 4.0;
				TARGETED_DEVICE_FAMILY = "1,2";
			};
			name = Debug;
		};
		A1874A2320EB76FA0093C70F /* Release */ = {
			isa = XCBuildConfiguration;
			buildSettings = {
				ASSETCATALOG_COMPILER_APPICON_NAME = AppIcon;
				CODE_SIGN_STYLE = Automatic;
				DEVELOPMENT_TEAM = 29VQ77K8VU;
				INFOPLIST_FILE = rainyShinnyApply/Info.plist;
				LD_RUNPATH_SEARCH_PATHS = (
					"$(inherited)",
					"@executable_path/Frameworks",
				);
				PRODUCT_BUNDLE_IDENTIFIER = mhamdino95.rainyShinnyApply;
				PRODUCT_NAME = "$(TARGET_NAME)";
				SWIFT_VERSION = 4.0;
				TARGETED_DEVICE_FAMILY = "1,2";
			};
			name = Release;
		};
/* End XCBuildConfiguration section */

/* Begin XCConfigurationList section */
		A1874A0A20EB76F80093C70F /* Build configuration list for PBXProject "rainyShinnyApply" */ = {
			isa = XCConfigurationList;
			buildConfigurations = (
				A1874A1F20EB76FA0093C70F /* Debug */,
				A1874A2020EB76FA0093C70F /* Release */,
			);
			defaultConfigurationIsVisible = 0;
			defaultConfigurationName = Release;
		};
		A1874A2120EB76FA0093C70F /* Build configuration list for PBXNativeTarget "rainyShinnyApply" */ = {
			isa = XCConfigurationList;
			buildConfigurations = (
				A1874A2220EB76FA0093C70F /* Debug */,
				A1874A2320EB76FA0093C70F /* Release */,
			);
			defaultConfigurationIsVisible = 0;
			defaultConfigurationName = Release;
		};
/* End XCConfigurationList section */
	};
	rootObject = A1874A0720EB76F80093C70F /* Project object */;
}
